// !$*UTF8*$!
{
	archiveVersion = 1;
	classes = {
	};
	objectVersion = 55;
	objects = {

/* Begin PBXBuildFile section */
		3A6CCBB32FCE03630042AA6D /* Assets.xcassets in Resources */ = {isa = PBXBuildFile; fileRef = 3A6CCBB22FCE03630042AA6D /* Assets.xcassets */; };
		3A6CCBB62FCE03630042AA6D /* Preview Assets.xcassets in Resources */ = {isa = PBXBuildFile; fileRef = 3A6CCBB52FCE03630042AA6D /* Preview Assets.xcassets */; };
		3AED58B92FF415CB005454DE /* codemagic.yaml in Resources */ = {isa = PBXBuildFile; fileRef = 3AED58B82FF415CB005454DE /* codemagic.yaml */; };
		F20000000000000000000001 /* RoamKeeperApp.swift in Sources */ = {isa = PBXBuildFile; fileRef = F10000000000000000000001 /* RoamKeeperApp.swift */; };
		F20000000000000000000002 /* Models.swift in Sources */ = {isa = PBXBuildFile; fileRef = F10000000000000000000002 /* Models.swift */; };
		F20000000000000000000003 /* Theme.swift in Sources */ = {isa = PBXBuildFile; fileRef = F10000000000000000000003 /* Theme.swift */; };
		F20000000000000000000004 /* AppStore.swift in Sources */ = {isa = PBXBuildFile; fileRef = F10000000000000000000004 /* AppStore.swift */; };
		F20000000000000000000005 /* LaunchView.swift in Sources */ = {isa = PBXBuildFile; fileRef = F10000000000000000000005 /* LaunchView.swift */; };
		F20000000000000000000006 /* OnboardingView.swift in Sources */ = {isa = PBXBuildFile; fileRef = F10000000000000000000006 /* OnboardingView.swift */; };
		F20000000000000000000007 /* RootView.swift in Sources */ = {isa = PBXBuildFile; fileRef = F10000000000000000000007 /* RootView.swift */; };
		F20000000000000000000008 /* DashboardView.swift in Sources */ = {isa = PBXBuildFile; fileRef = F10000000000000000000008 /* DashboardView.swift */; };
		F20000000000000000000009 /* GroupsView.swift in Sources */ = {isa = PBXBuildFile; fileRef = F10000000000000000000009 /* GroupsView.swift */; };
		F20000000000000000000010 /* CareView.swift in Sources */ = {isa = PBXBuildFile; fileRef = F10000000000000000000010 /* CareView.swift */; };
		F20000000000000000000011 /* RoutesView.swift in Sources */ = {isa = PBXBuildFile; fileRef = F10000000000000000000011 /* RoutesView.swift */; };
		F20000000000000000000012 /* InventoryView.swift in Sources */ = {isa = PBXBuildFile; fileRef = F10000000000000000000012 /* InventoryView.swift */; };
		F20000000000000000000013 /* AnalyticsView.swift in Sources */ = {isa = PBXBuildFile; fileRef = F10000000000000000000013 /* AnalyticsView.swift */; };
		F20000000000000000000014 /* PlanningView.swift in Sources */ = {isa = PBXBuildFile; fileRef = F10000000000000000000014 /* PlanningView.swift */; };
		F20000000000000000000015 /* SettingsView.swift in Sources */ = {isa = PBXBuildFile; fileRef = F10000000000000000000015 /* SettingsView.swift */; };
/* End PBXBuildFile section */

/* Begin PBXFileReference section */
		3A6CCBAB2FCE03610042AA6D /* RoamKeeper.app */ = {isa = PBXFileReference; explicitFileType = wrapper.application; includeInIndex = 0; path = RoamKeeper.app; sourceTree = BUILT_PRODUCTS_DIR; };
		3A6CCBB22FCE03630042AA6D /* Assets.xcassets */ = {isa = PBXFileReference; lastKnownFileType = folder.assetcatalog; path = Assets.xcassets; sourceTree = "<group>"; };
		3A6CCBB52FCE03630042AA6D /* Preview Assets.xcassets */ = {isa = PBXFileReference; lastKnownFileType = folder.assetcatalog; path = "Preview Assets.xcassets"; sourceTree = "<group>"; };
		3A6CCBBC2FCE03CF0042AA6D /* RoamKeeper.entitlements */ = {isa = PBXFileReference; lastKnownFileType = text.plist.entitlements; path = RoamKeeper.entitlements; sourceTree = "<group>"; };
		3A6CCBBD2FCE03D20042AA6D /* Info.plist */ = {isa = PBXFileReference; lastKnownFileType = text.plist; path = Info.plist; sourceTree = "<group>"; };
		3AED58B82FF415CB005454DE /* codemagic.yaml */ = {isa = PBXFileReference; lastKnownFileType = text.yaml; path = codemagic.yaml; sourceTree = "<group>"; };
		F10000000000000000000001 /* RoamKeeperApp.swift */ = {isa = PBXFileReference; lastKnownFileType = sourcecode.swift; path = RoamKeeperApp.swift; sourceTree = "<group>"; };
		F10000000000000000000002 /* Models.swift */ = {isa = PBXFileReference; lastKnownFileType = sourcecode.swift; path = Models.swift; sourceTree = "<group>"; };
		F10000000000000000000003 /* Theme.swift */ = {isa = PBXFileReference; lastKnownFileType = sourcecode.swift; path = Theme.swift; sourceTree = "<group>"; };
		F10000000000000000000004 /* AppStore.swift */ = {isa = PBXFileReference; lastKnownFileType = sourcecode.swift; path = AppStore.swift; sourceTree = "<group>"; };
		F10000000000000000000005 /* LaunchView.swift */ = {isa = PBXFileReference; lastKnownFileType = sourcecode.swift; path = LaunchView.swift; sourceTree = "<group>"; };
		F10000000000000000000006 /* OnboardingView.swift */ = {isa = PBXFileReference; lastKnownFileType = sourcecode.swift; path = OnboardingView.swift; sourceTree = "<group>"; };
		F10000000000000000000007 /* RootView.swift */ = {isa = PBXFileReference; lastKnownFileType = sourcecode.swift; path = RootView.swift; sourceTree = "<group>"; };
		F10000000000000000000008 /* DashboardView.swift */ = {isa = PBXFileReference; lastKnownFileType = sourcecode.swift; path = DashboardView.swift; sourceTree = "<group>"; };
		F10000000000000000000009 /* GroupsView.swift */ = {isa = PBXFileReference; lastKnownFileType = sourcecode.swift; path = GroupsView.swift; sourceTree = "<group>"; };
		F10000000000000000000010 /* CareView.swift */ = {isa = PBXFileReference; lastKnownFileType = sourcecode.swift; path = CareView.swift; sourceTree = "<group>"; };
		F10000000000000000000011 /* RoutesView.swift */ = {isa = PBXFileReference; lastKnownFileType = sourcecode.swift; path = RoutesView.swift; sourceTree = "<group>"; };
		F10000000000000000000012 /* InventoryView.swift */ = {isa = PBXFileReference; lastKnownFileType = sourcecode.swift; path = InventoryView.swift; sourceTree = "<group>"; };
		F10000000000000000000013 /* AnalyticsView.swift */ = {isa = PBXFileReference; lastKnownFileType = sourcecode.swift; path = AnalyticsView.swift; sourceTree = "<group>"; };
		F10000000000000000000014 /* PlanningView.swift */ = {isa = PBXFileReference; lastKnownFileType = sourcecode.swift; path = PlanningView.swift; sourceTree = "<group>"; };
		F10000000000000000000015 /* SettingsView.swift */ = {isa = PBXFileReference; lastKnownFileType = sourcecode.swift; path = SettingsView.swift; sourceTree = "<group>"; };
/* End PBXFileReference section */

/* Begin PBXFrameworksBuildPhase section */
		3A6CCBA82FCE03610042AA6D /* Frameworks */ = {
			isa = PBXFrameworksBuildPhase;
			buildActionMask = 2147483647;
			files = (
			);
			runOnlyForDeploymentPostprocessing = 0;
		};
/* End PBXFrameworksBuildPhase section */

/* Begin PBXGroup section */
		3A6CCBA22FCE03610042AA6D = {
			isa = PBXGroup;
			children = (
				3AED58B82FF415CB005454DE /* codemagic.yaml */,
				3A6CCBAD2FCE03610042AA6D /* RoamKeeper */,
				3A6CCBAC2FCE03610042AA6D /* Products */,
			);
			sourceTree = "<group>";
		};
		3A6CCBAC2FCE03610042AA6D /* Products */ = {
			isa = PBXGroup;
			children = (
				3A6CCBAB2FCE03610042AA6D /* RoamKeeper.app */,
			);
			name = Products;
			sourceTree = "<group>";
		};
		3A6CCBAD2FCE03610042AA6D /* RoamKeeper */ = {
			isa = PBXGroup;
			children = (
				F10000000000000000000001 /* RoamKeeperApp.swift */,
				F10000000000000000000007 /* RootView.swift */,
				F10000000000000000000005 /* LaunchView.swift */,
				F10000000000000000000006 /* OnboardingView.swift */,
				F10000000000000000000002 /* Models.swift */,
				F10000000000000000000004 /* AppStore.swift */,
				F10000000000000000000003 /* Theme.swift */,
				F10000000000000000000008 /* DashboardView.swift */,
				F10000000000000000000009 /* GroupsView.swift */,
				F10000000000000000000010 /* CareView.swift */,
				F10000000000000000000011 /* RoutesView.swift */,
				F10000000000000000000012 /* InventoryView.swift */,
				F10000000000000000000013 /* AnalyticsView.swift */,
				F10000000000000000000014 /* PlanningView.swift */,
				F10000000000000000000015 /* SettingsView.swift */,
				3A6CCBBD2FCE03D20042AA6D /* Info.plist */,
				3A6CCBBC2FCE03CF0042AA6D /* RoamKeeper.entitlements */,
				3A6CCBB22FCE03630042AA6D /* Assets.xcassets */,
				3A6CCBB42FCE03630042AA6D /* Preview Content */,
			);
			path = RoamKeeper;
			sourceTree = "<group>";
		};
		3A6CCBB42FCE03630042AA6D /* Preview Content */ = {
			isa = PBXGroup;
			children = (
				3A6CCBB52FCE03630042AA6D /* Preview Assets.xcassets */,
			);
			path = "Preview Content";
			sourceTree = "<group>";
		};
/* End PBXGroup section */

/* Begin PBXNativeTarget section */
		3A6CCBAA2FCE03610042AA6D /* RoamKeeper */ = {
			isa = PBXNativeTarget;
			buildConfigurationList = 3A6CCBB92FCE03630042AA6D /* Build configuration list for PBXNativeTarget "RoamKeeper" */;
			buildPhases = (
				3A6CCBA72FCE03610042AA6D /* Sources */,
				3A6CCBA82FCE03610042AA6D /* Frameworks */,
				3A6CCBA92FCE03610042AA6D /* Resources */,
			);
			buildRules = (
			);
			dependencies = (
			);
			name = RoamKeeper;
			productName = RoamKeeper;
			productReference = 3A6CCBAB2FCE03610042AA6D /* RoamKeeper.app */;
			productType = "com.apple.product-type.application";
		};
/* End PBXNativeTarget section */

/* Begin PBXProject section */
		3A6CCBA32FCE03610042AA6D /* Project object */ = {
			isa = PBXProject;
			attributes = {
				BuildIndependentTargetsInParallel = 1;
				LastSwiftUpdateCheck = 1340;
				LastUpgradeCheck = 1340;
				TargetAttributes = {
					3A6CCBAA2FCE03610042AA6D = {
						CreatedOnToolsVersion = 13.4.1;
					};
				};
			};
			buildConfigurationList = 3A6CCBA62FCE03610042AA6D /* Build configuration list for PBXProject "RoamKeeper" */;
			compatibilityVersion = "Xcode 13.0";
			developmentRegion = en;
			hasScannedForEncodings = 0;
			knownRegions = (
				en,
				Base,
			);
			mainGroup = 3A6CCBA22FCE03610042AA6D;
			productRefGroup = 3A6CCBAC2FCE03610042AA6D /* Products */;
			projectDirPath = "";
			projectRoot = "";
			targets = (
				3A6CCBAA2FCE03610042AA6D /* RoamKeeper */,
			);
		};
/* End PBXProject section */

/* Begin PBXResourcesBuildPhase section */
		3A6CCBA92FCE03610042AA6D /* Resources */ = {
			isa = PBXResourcesBuildPhase;
			buildActionMask = 2147483647;
			files = (
				3AED58B92FF415CB005454DE /* codemagic.yaml in Resources */,
				3A6CCBB62FCE03630042AA6D /* Preview Assets.xcassets in Resources */,
				3A6CCBB32FCE03630042AA6D /* Assets.xcassets in Resources */,
			);
			runOnlyForDeploymentPostprocessing = 0;
		};
/* End PBXResourcesBuildPhase section */

/* Begin PBXSourcesBuildPhase section */
		3A6CCBA72FCE03610042AA6D /* Sources */ = {
			isa = PBXSourcesBuildPhase;
			buildActionMask = 2147483647;
			files = (
				F20000000000000000000001 /* RoamKeeperApp.swift in Sources */,
				F20000000000000000000002 /* Models.swift in Sources */,
				F20000000000000000000003 /* Theme.swift in Sources */,
				F20000000000000000000004 /* AppStore.swift in Sources */,
				F20000000000000000000005 /* LaunchView.swift in Sources */,
				F20000000000000000000006 /* OnboardingView.swift in Sources */,
				F20000000000000000000007 /* RootView.swift in Sources */,
				F20000000000000000000008 /* DashboardView.swift in Sources */,
				F20000000000000000000009 /* GroupsView.swift in Sources */,
				F20000000000000000000010 /* CareView.swift in Sources */,
				F20000000000000000000011 /* RoutesView.swift in Sources */,
				F20000000000000000000012 /* InventoryView.swift in Sources */,
				F20000000000000000000013 /* AnalyticsView.swift in Sources */,
				F20000000000000000000014 /* PlanningView.swift in Sources */,
				F20000000000000000000015 /* SettingsView.swift in Sources */,
			);
			runOnlyForDeploymentPostprocessing = 0;
		};
/* End PBXSourcesBuildPhase section */

/* Begin XCBuildConfiguration section */
		3A6CCBB72FCE03630042AA6D /* Debug */ = {
			isa = XCBuildConfiguration;
			buildSettings = {
				ALWAYS_SEARCH_USER_PATHS = NO;
				CLANG_ANALYZER_NONNULL = YES;
				CLANG_ANALYZER_NUMBER_OBJECT_CONVERSION = YES_AGGRESSIVE;
				CLANG_CXX_LANGUAGE_STANDARD = "gnu++17";
				CLANG_ENABLE_MODULES = YES;
				CLANG_ENABLE_OBJC_ARC = YES;
				CLANG_ENABLE_OBJC_WEAK = YES;
				CLANG_WARN_BLOCK_CAPTURE_AUTORELEASING = YES;
				CLANG_WARN_BOOL_CONVERSION = YES;
				CLANG_WARN_COMMA = YES;
				CLANG_WARN_CONSTANT_CONVERSION = YES;
				CLANG_WARN_DEPRECATED_OBJC_IMPLEMENTATIONS = YES;
				CLANG_WARN_DIRECT_OBJC_ISA_USAGE = YES_ERROR;
				CLANG_WARN_DOCUMENTATION_COMMENTS = YES;
				CLANG_WARN_EMPTY_BODY = YES;
				CLANG_WARN_ENUM_CONVERSION = YES;
				CLANG_WARN_INFINITE_RECURSION = YES;
				CLANG_WARN_INT_CONVERSION = YES;
				CLANG_WARN_NON_LITERAL_NULL_CONVERSION = YES;
				CLANG_WARN_OBJC_IMPLICIT_RETAIN_SELF = YES;
				CLANG_WARN_OBJC_LITERAL_CONVERSION = YES;
				CLANG_WARN_OBJC_ROOT_CLASS = YES_ERROR;
				CLANG_WARN_QUOTED_INCLUDE_IN_FRAMEWORK_HEADER = YES;
				CLANG_WARN_RANGE_LOOP_ANALYSIS = YES;
				CLANG_WARN_STRICT_PROTOTYPES = YES;
				CLANG_WARN_SUSPICIOUS_MOVE = YES;
				CLANG_WARN_UNGUARDED_AVAILABILITY = YES_AGGRESSIVE;
				CLANG_WARN_UNREACHABLE_CODE = YES;
				CLANG_WARN__DUPLICATE_METHOD_MATCH = YES;
				COPY_PHASE_STRIP = NO;
				DEBUG_INFORMATION_FORMAT = dwarf;
				ENABLE_STRICT_OBJC_MSGSEND = YES;
				ENABLE_TESTABILITY = YES;
				GCC_C_LANGUAGE_STANDARD = gnu11;
				GCC_DYNAMIC_NO_PIC = NO;
				GCC_NO_COMMON_BLOCKS = YES;
				GCC_OPTIMIZATION_LEVEL = 0;
				GCC_PREPROCESSOR_DEFINITIONS = (
					"DEBUG=1",
					"$(inherited)",
				);
				GCC_WARN_64_TO_32_BIT_CONVERSION = YES;
				GCC_WARN_ABOUT_RETURN_TYPE = YES_ERROR;
				GCC_WARN_UNDECLARED_SELECTOR = YES;
				GCC_WARN_UNINITIALIZED_AUTOS = YES_AGGRESSIVE;
				GCC_WARN_UNUSED_FUNCTION = YES;
				GCC_WARN_UNUSED_VARIABLE = YES;
				IPHONEOS_DEPLOYMENT_TARGET = 14.0;
				MTL_ENABLE_DEBUG_INFO = INCLUDE_SOURCE;
				MTL_FAST_MATH = YES;
				ONLY_ACTIVE_ARCH = YES;
				SDKROOT = iphoneos;
				SWIFT_ACTIVE_COMPILATION_CONDITIONS = DEBUG;
				SWIFT_OPTIMIZATION_LEVEL = "-Onone";
			};
			name = Debug;
		};
		3A6CCBB82FCE03630042AA6D /* Release */ = {
			isa = XCBuildConfiguration;
			buildSettings = {
				ALWAYS_SEARCH_USER_PATHS = NO;
				CLANG_ANALYZER_NONNULL = YES;
				CLANG_ANALYZER_NUMBER_OBJECT_CONVERSION = YES_AGGRESSIVE;
				CLANG_CXX_LANGUAGE_STANDARD = "gnu++17";
				CLANG_ENABLE_MODULES = YES;
				CLANG_ENABLE_OBJC_ARC = YES;
				CLANG_ENABLE_OBJC_WEAK = YES;
				CLANG_WARN_BLOCK_CAPTURE_AUTORELEASING = YES;
				CLANG_WARN_BOOL_CONVERSION = YES;
				CLANG_WARN_COMMA = YES;
				CLANG_WARN_CONSTANT_CONVERSION = YES;
				CLANG_WARN_DEPRECATED_OBJC_IMPLEMENTATIONS = YES;
				CLANG_WARN_DIRECT_OBJC_ISA_USAGE = YES_ERROR;
				CLANG_WARN_DOCUMENTATION_COMMENTS = YES;
				CLANG_WARN_EMPTY_BODY = YES;
				CLANG_WARN_ENUM_CONVERSION = YES;
				CLANG_WARN_INFINITE_RECURSION = YES;
				CLANG_WARN_INT_CONVERSION = YES;
				CLANG_WARN_NON_LITERAL_NULL_CONVERSION = YES;
				CLANG_WARN_OBJC_IMPLICIT_RETAIN_SELF = YES;
				CLANG_WARN_OBJC_LITERAL_CONVERSION = YES;
				CLANG_WARN_OBJC_ROOT_CLASS = YES_ERROR;
				CLANG_WARN_QUOTED_INCLUDE_IN_FRAMEWORK_HEADER = YES;
				CLANG_WARN_RANGE_LOOP_ANALYSIS = YES;
				CLANG_WARN_STRICT_PROTOTYPES = YES;
				CLANG_WARN_SUSPICIOUS_MOVE = YES;
				CLANG_WARN_UNGUARDED_AVAILABILITY = YES_AGGRESSIVE;
				CLANG_WARN_UNREACHABLE_CODE = YES;
				CLANG_WARN__DUPLICATE_METHOD_MATCH = YES;
				COPY_PHASE_STRIP = NO;
				DEBUG_INFORMATION_FORMAT = "dwarf-with-dsym";
				ENABLE_NS_ASSERTIONS = NO;
				ENABLE_STRICT_OBJC_MSGSEND = YES;
				GCC_C_LANGUAGE_STANDARD = gnu11;
				GCC_NO_COMMON_BLOCKS = YES;
				GCC_WARN_64_TO_32_BIT_CONVERSION = YES;
				GCC_WARN_ABOUT_RETURN_TYPE = YES_ERROR;
				GCC_WARN_UNDECLARED_SELECTOR = YES;
				GCC_WARN_UNINITIALIZED_AUTOS = YES_AGGRESSIVE;
				GCC_WARN_UNUSED_FUNCTION = YES;
				GCC_WARN_UNUSED_VARIABLE = YES;
				IPHONEOS_DEPLOYMENT_TARGET = 14.0;
				MTL_ENABLE_DEBUG_INFO = NO;
				MTL_FAST_MATH = YES;
				SDKROOT = iphoneos;
				SWIFT_COMPILATION_MODE = wholemodule;
				SWIFT_OPTIMIZATION_LEVEL = "-O";
				VALIDATE_PRODUCT = YES;
			};
			name = Release;
		};
		3A6CCBBA2FCE03630042AA6D /* Debug */ = {
			isa = XCBuildConfiguration;
			buildSettings = {
				ASSETCATALOG_COMPILER_APPICON_NAME = AppIcon;
				ASSETCATALOG_COMPILER_GLOBAL_ACCENT_COLOR_NAME = AccentColor;
				CODE_SIGN_ENTITLEMENTS = RoamKeeper/RoamKeeper.entitlements;
				CODE_SIGN_STYLE = Automatic;
				CURRENT_PROJECT_VERSION = 1;
				DEVELOPMENT_ASSET_PATHS = "\"RoamKeeper/Preview Content\"";
				ENABLE_PREVIEWS = YES;
				GENERATE_INFOPLIST_FILE = YES;
				INFOPLIST_FILE = RoamKeeper/Info.plist;
				INFOPLIST_KEY_CFBundleDisplayName = "Room Keeper";
				INFOPLIST_KEY_NSCameraUsageDescription = "Allow to use your camera in this application";
				INFOPLIST_KEY_UIApplicationSceneManifest_Generation = YES;
				INFOPLIST_KEY_UIApplicationSupportsIndirectInputEvents = YES;
				INFOPLIST_KEY_UILaunchScreen_Generation = YES;
				INFOPLIST_KEY_UISupportedInterfaceOrientations_iPad = "UIInterfaceOrientationPortrait UIInterfaceOrientationPortraitUpsideDown UIInterfaceOrientationLandscapeLeft UIInterfaceOrientationLandscapeRight";
				INFOPLIST_KEY_UISupportedInterfaceOrientations_iPhone = "UIInterfaceOrientationPortrait UIInterfaceOrientationLandscapeLeft UIInterfaceOrientationLandscapeRight";
				LD_RUNPATH_SEARCH_PATHS = (
					"$(inherited)",
					"@executable_path/Frameworks",
				);
				MARKETING_VERSION = 1.0;
				PRODUCT_BUNDLE_IDENTIFIER = com.keeperroom.RoamKeeper;
				PRODUCT_NAME = "$(TARGET_NAME)";
				SUPPORTED_PLATFORMS = "iphoneos iphonesimulator";
				SUPPORTS_MACCATALYST = NO;
				SUPPORTS_MAC_DESIGNED_FOR_IPHONE_IPAD = NO;
				SUPPORTS_XR_DESIGNED_FOR_IPHONE_IPAD = NO;
				SWIFT_EMIT_LOC_STRINGS = YES;
				SWIFT_VERSION = 5.0;
				TARGETED_DEVICE_FAMILY = "1,2";
			};
			name = Debug;
		};
		3A6CCBBB2FCE03630042AA6D /* Release */ = {
			isa = XCBuildConfiguration;
			buildSettings = {
				ASSETCATALOG_COMPILER_APPICON_NAME = AppIcon;
				ASSETCATALOG_COMPILER_GLOBAL_ACCENT_COLOR_NAME = AccentColor;
				CODE_SIGN_ENTITLEMENTS = RoamKeeper/RoamKeeper.entitlements;
				CODE_SIGN_STYLE = Automatic;
				CURRENT_PROJECT_VERSION = 1;
				DEVELOPMENT_ASSET_PATHS = "\"RoamKeeper/Preview Content\"";
				ENABLE_PREVIEWS = YES;
				GENERATE_INFOPLIST_FILE = YES;
				INFOPLIST_FILE = RoamKeeper/Info.plist;
				INFOPLIST_KEY_CFBundleDisplayName = "Room Keeper";
				INFOPLIST_KEY_NSCameraUsageDescription = "Allow to use your camera in this application";
				INFOPLIST_KEY_UIApplicationSceneManifest_Generation = YES;
				INFOPLIST_KEY_UIApplicationSupportsIndirectInputEvents = YES;
				INFOPLIST_KEY_UILaunchScreen_Generation = YES;
				INFOPLIST_KEY_UISupportedInterfaceOrientations_iPad = "UIInterfaceOrientationPortrait UIInterfaceOrientationPortraitUpsideDown UIInterfaceOrientationLandscapeLeft UIInterfaceOrientationLandscapeRight";
				INFOPLIST_KEY_UISupportedInterfaceOrientations_iPhone = "UIInterfaceOrientationPortrait UIInterfaceOrientationLandscapeLeft UIInterfaceOrientationLandscapeRight";
				LD_RUNPATH_SEARCH_PATHS = (
					"$(inherited)",
					"@executable_path/Frameworks",
				);
				MARKETING_VERSION = 1.0;
				PRODUCT_BUNDLE_IDENTIFIER = com.keeperroom.RoamKeeper;
				PRODUCT_NAME = "$(TARGET_NAME)";
				SUPPORTED_PLATFORMS = "iphoneos iphonesimulator";
				SUPPORTS_MACCATALYST = NO;
				SUPPORTS_MAC_DESIGNED_FOR_IPHONE_IPAD = NO;
				SUPPORTS_XR_DESIGNED_FOR_IPHONE_IPAD = NO;
				SWIFT_EMIT_LOC_STRINGS = YES;
				SWIFT_VERSION = 5.0;
				TARGETED_DEVICE_FAMILY = "1,2";
			};
			name = Release;
		};
/* End XCBuildConfiguration section */

/* Begin XCConfigurationList section */
		3A6CCBA62FCE03610042AA6D /* Build configuration list for PBXProject "RoamKeeper" */ = {
			isa = XCConfigurationList;
			buildConfigurations = (
				3A6CCBB72FCE03630042AA6D /* Debug */,
				3A6CCBB82FCE03630042AA6D /* Release */,
			);
			defaultConfigurationIsVisible = 0;
			defaultConfigurationName = Release;
		};
		3A6CCBB92FCE03630042AA6D /* Build configuration list for PBXNativeTarget "RoamKeeper" */ = {
			isa = XCConfigurationList;
			buildConfigurations = (
				3A6CCBBA2FCE03630042AA6D /* Debug */,
				3A6CCBBB2FCE03630042AA6D /* Release */,
			);
			defaultConfigurationIsVisible = 0;
			defaultConfigurationName = Release;
		};
/* End XCConfigurationList section */
	};
	rootObject = 3A6CCBA32FCE03610042AA6D /* Project object */;
}
